
Microsoft Visual Studio Solution File, Format Version 12.00
# Visual Studio Version 16
VisualStudioVersion = 16.0.31229.75
MinimumVisualStudioVersion = 10.0.40219.1
Project("{FAE04EC0-301F-11D3-BF4B-00C04F79EFBC}") = "Client", "Client\Client.csproj", "{B571A9FD-F08A-4C07-8436-E5C8F4DA939E}"
EndProject
Project("{FAE04EC0-301F-11D3-BF4B-00C04F79EFBC}") = "Server", "Server\Server.csproj", "{C9F999F8-8B79-4D4F-9874-77D75EF374D8}"
EndProject
Project("{FAE04EC0-301F-11D3-BF4B-00C04F79EFBC}") = "Common", "Common\Common.csproj", "{2E3E0C5F-1D3F-4421-A5E3-223C2C4093D3}"
EndProject
Global
	GlobalSection(SolutionConfigurationPlatforms) = preSolution
		Debug|Any CPU = Debug|Any CPU
		Release|Any CPU = Release|Any CPU
	EndGlobalSection
	GlobalSection(ProjectConfigurationPlatforms) = postSolution
		{B571A9FD-F08A-4C07-8436-E5C8F4DA939E}.Debug|Any CPU.ActiveCfg = Debug|Any CPU
		{B571A9FD-F08A-4C07-8436-E5C8F4DA939E}.Debug|Any CPU.Build.0 = Debug|Any CPU
		{B571A9FD-F08A-4C07-8436-E5C8F4DA939E}.Release|Any CPU.ActiveCfg = Release|Any CPU
		{B571A9FD-F08A-4C07-8436-E5C8F4DA939E}.Release|Any CPU.Build.0 = Release|Any CPU
		{C9F999F8-8B79-4D4F-9874-77D75EF374D8}.Debug|Any CPU.ActiveCfg = Debug|Any CPU
		{C9F999F8-8B79-4D4F-9874-77D75EF374D8}.Debug|Any CPU.Build.0 = Debug|Any CPU
		{C9F999F8-8B79-4D4F-9874-77D75EF374D8}.Release|Any CPU.ActiveCfg = Release|Any CPU
		{C9F999F8-8B79-4D4F-9874-77D75EF374D8}.Release|Any CPU.Build.0 = Release|Any CPU
		{2E3E0C5F-1D3F-4421-A5E3-223C2C4093D3}.Debug|Any CPU.ActiveCfg = Debug|Any CPU
		{2E3E0C5F-1D3F-4421-A5E3-223C2C4093D3}.Debug|Any CPU.Build.0 = Debug|Any CPU
		{2E3E0C5F-1D3F-4421-A5E3-223C2C4093D3}.Release|Any CPU.ActiveCfg = Release|Any CPU
		{2E3E0C5F-1D3F-4421-A5E3-223C2C4093D3}.Release|Any CPU.Build.0 = Release|Any CPU
	EndGlobalSection
	GlobalSection(SolutionProperties) = preSolution
		HideSolutionNode = FALSE
	EndGlobalSection
	GlobalSection(ExtensibilityGlobals) = postSolution
		SolutionGuid = {4E4E2CFA-9CCD-4D2A-8E72-9CF1D73C995A}
	EndGlobalSection
EndGlobal
